// !$*UTF8*$!
{
	archiveVersion = 1;
	classes = {
	};
	objectVersion = 56;
	objects = {

/* Begin PBXBuildFile section */
		2D75F62DCEDEFDC6EBC1CE6B /* Pods_ModifiedableTable.framework in Frameworks */ = {isa = PBXBuildFile; fileRef = E8E38B371DEE996CB5A99EB8 /* Pods_ModifiedableTable.framework */; };
		4914C5232A1F36020088D81A /* TableViewListLogos.swift in Sources */ = {isa = PBXBuildFile; fileRef = 4914C5222A1F36020088D81A /* TableViewListLogos.swift */; };
		4914C5252A1F37F90088D81A /* TableViewListCell.swift in Sources */ = {isa = PBXBuildFile; fileRef = 4914C5242A1F37F90088D81A /* TableViewListCell.swift */; };
		4914C5272A1FA28E0088D81A /* DisplayDataCreator.swift in Sources */ = {isa = PBXBuildFile; fileRef = 4914C5262A1FA28E0088D81A /* DisplayDataCreator.swift */; };
		4914C52A2A1FA32D0088D81A /* String+Ex.swift in Sources */ = {isa = PBXBuildFile; fileRef = 4914C5292A1FA32D0088D81A /* String+Ex.swift */; };
		497DF8692A1EA7030032321F /* AppDelegate.swift in Sources */ = {isa = PBXBuildFile; fileRef = 497DF8682A1EA7030032321F /* AppDelegate.swift */; };
		497DF86B2A1EA7030032321F /* SceneDelegate.swift in Sources */ = {isa = PBXBuildFile; fileRef = 497DF86A2A1EA7030032321F /* SceneDelegate.swift */; };
		497DF86D2A1EA7030032321F /* TableListViewController.swift in Sources */ = {isa = PBXBuildFile; fileRef = 497DF86C2A1EA7030032321F /* TableListViewController.swift */; };
		497DF8722A1EA7040032321F /* Assets.xcassets in Resources */ = {isa = PBXBuildFile; fileRef = 497DF8712A1EA7040032321F /* Assets.xcassets */; };
/* End PBXBuildFile section */

/* Begin PBXFileReference section */
		41E4B5002E36A5F2F1FCA5C0 /* Pods-ModifiedableTable.debug.xcconfig */ = {isa = PBXFileReference; includeInIndex = 1; lastKnownFileType = text.xcconfig; name = "Pods-ModifiedableTable.debug.xcconfig"; path = "Target Support Files/Pods-ModifiedableTable/Pods-ModifiedableTable.debug.xcconfig"; sourceTree = "<group>"; };
		4914C5222A1F36020088D81A /* TableViewListLogos.swift */ = {isa = PBXFileReference; lastKnownFileType = sourcecode.swift; path = TableViewListLogos.swift; sourceTree = "<group>"; };
		4914C5242A1F37F90088D81A /* TableViewListCell.swift */ = {isa = PBXFileReference; lastKnownFileType = sourcecode.swift; path = TableViewListCell.swift; sourceTree = "<group>"; };
		4914C5262A1FA28E0088D81A /* DisplayDataCreator.swift */ = {isa = PBXFileReference; lastKnownFileType = sourcecode.swift; path = DisplayDataCreator.swift; sourceTree = "<group>"; };
		4914C5292A1FA32D0088D81A /* String+Ex.swift */ = {isa = PBXFileReference; lastKnownFileType = sourcecode.swift; path = "String+Ex.swift"; sourceTree = "<group>"; };
		497DF8652A1EA7030032321F /* ModifiedableTable.app */ = {isa = PBXFileReference; explicitFileType = wrapper.application; includeInIndex = 0; path = ModifiedableTable.app; sourceTree = BUILT_PRODUCTS_DIR; };
		497DF8682A1EA7030032321F /* AppDelegate.swift */ = {isa = PBXFileReference; lastKnownFileType = sourcecode.swift; path = AppDelegate.swift; sourceTree = "<group>"; };
		497DF86A2A1EA7030032321F /* SceneDelegate.swift */ = {isa = PBXFileReference; lastKnownFileType = sourcecode.swift; path = SceneDelegate.swift; sourceTree = "<group>"; };
		497DF86C2A1EA7030032321F /* TableListViewController.swift */ = {isa = PBXFileReference; lastKnownFileType = sourcecode.swift; path = TableListViewController.swift; sourceTree = "<group>"; };
		497DF8712A1EA7040032321F /* Assets.xcassets */ = {isa = PBXFileReference; lastKnownFileType = folder.assetcatalog; path = Assets.xcassets; sourceTree = "<group>"; };
		497DF8762A1EA7040032321F /* Info.plist */ = {isa = PBXFileReference; lastKnownFileType = text.plist.xml; path = Info.plist; sourceTree = "<group>"; };
		9E2AD2DC8B412087F8136140 /* Pods-ModifiedableTable.release.xcconfig */ = {isa = PBXFileReference; includeInIndex = 1; lastKnownFileType = text.xcconfig; name = "Pods-ModifiedableTable.release.xcconfig"; path = "Target Support Files/Pods-ModifiedableTable/Pods-ModifiedableTable.release.xcconfig"; sourceTree = "<group>"; };
		E8E38B371DEE996CB5A99EB8 /* Pods_ModifiedableTable.framework */ = {isa = PBXFileReference; explicitFileType = wrapper.framework; includeInIndex = 0; path = Pods_ModifiedableTable.framework; sourceTree = BUILT_PRODUCTS_DIR; };
/* End PBXFileReference section */

/* Begin PBXFrameworksBuildPhase section */
		497DF8622A1EA7030032321F /* Frameworks */ = {
			isa = PBXFrameworksBuildPhase;
			buildActionMask = 2147483647;
			files = (
				2D75F62DCEDEFDC6EBC1CE6B /* Pods_ModifiedableTable.framework in Frameworks */,
			);
			runOnlyForDeploymentPostprocessing = 0;
		};
/* End PBXFrameworksBuildPhase section */

/* Begin PBXGroup section */
		0C9AC1C15312E61293DB8CCA /* Pods */ = {
			isa = PBXGroup;
			children = (
				41E4B5002E36A5F2F1FCA5C0 /* Pods-ModifiedableTable.debug.xcconfig */,
				9E2AD2DC8B412087F8136140 /* Pods-ModifiedableTable.release.xcconfig */,
			);
			path = Pods;
			sourceTree = "<group>";
		};
		4914C51D2A1F33F00088D81A /* Services */ = {
			isa = PBXGroup;
			children = (
				4914C5262A1FA28E0088D81A /* DisplayDataCreator.swift */,
			);
			path = Services;
			sourceTree = "<group>";
		};
		4914C51E2A1F348B0088D81A /* Models */ = {
			isa = PBXGroup;
			children = (
				4914C5222A1F36020088D81A /* TableViewListLogos.swift */,
			);
			path = Models;
			sourceTree = "<group>";
		};
		4914C51F2A1F34B20088D81A /* LogosTableView */ = {
			isa = PBXGroup;
			children = (
				4914C5212A1F34EC0088D81A /* View */,
				4914C5202A1F34DB0088D81A /* Controller */,
				4914C51D2A1F33F00088D81A /* Services */,
				4914C51E2A1F348B0088D81A /* Models */,
			);
			path = LogosTableView;
			sourceTree = "<group>";
		};
		4914C5202A1F34DB0088D81A /* Controller */ = {
			isa = PBXGroup;
			children = (
				497DF86C2A1EA7030032321F /* TableListViewController.swift */,
			);
			path = Controller;
			sourceTree = "<group>";
		};
		4914C5212A1F34EC0088D81A /* View */ = {
			isa = PBXGroup;
			children = (
				4914C5242A1F37F90088D81A /* TableViewListCell.swift */,
			);
			path = View;
			sourceTree = "<group>";
		};
		4914C5282A1FA3170088D81A /* Extensions */ = {
			isa = PBXGroup;
			children = (
				4914C5292A1FA32D0088D81A /* String+Ex.swift */,
			);
			path = Extensions;
			sourceTree = "<group>";
		};
		497DF85C2A1EA7030032321F = {
			isa = PBXGroup;
			children = (
				497DF8672A1EA7030032321F /* ModifiedableTable */,
				497DF8662A1EA7030032321F /* Products */,
				0C9AC1C15312E61293DB8CCA /* Pods */,
				4E9FDD44FC920B27209DB17F /* Frameworks */,
			);
			sourceTree = "<group>";
		};
		497DF8662A1EA7030032321F /* Products */ = {
			isa = PBXGroup;
			children = (
				497DF8652A1EA7030032321F /* ModifiedableTable.app */,
			);
			name = Products;
			sourceTree = "<group>";
		};
		497DF8672A1EA7030032321F /* ModifiedableTable */ = {
			isa = PBXGroup;
			children = (
				4914C5282A1FA3170088D81A /* Extensions */,
				4914C51F2A1F34B20088D81A /* LogosTableView */,
				497DF8682A1EA7030032321F /* AppDelegate.swift */,
				497DF86A2A1EA7030032321F /* SceneDelegate.swift */,
				497DF8712A1EA7040032321F /* Assets.xcassets */,
				497DF8762A1EA7040032321F /* Info.plist */,
			);
			path = ModifiedableTable;
			sourceTree = "<group>";
		};
		4E9FDD44FC920B27209DB17F /* Frameworks */ = {
			isa = PBXGroup;
			children = (
				E8E38B371DEE996CB5A99EB8 /* Pods_ModifiedableTable.framework */,
			);
			name = Frameworks;
			sourceTree = "<group>";
		};
/* End PBXGroup section */

/* Begin PBXNativeTarget section */
		497DF8642A1EA7030032321F /* ModifiedableTable */ = {
			isa = PBXNativeTarget;
			buildConfigurationList = 497DF8792A1EA7040032321F /* Build configuration list for PBXNativeTarget "ModifiedableTable" */;
			buildPhases = (
				C6F3ABB4C9348915DCB1E23C /* [CP] Check Pods Manifest.lock */,
				497DF8612A1EA7030032321F /* Sources */,
				497DF8622A1EA7030032321F /* Frameworks */,
				497DF8632A1EA7030032321F /* Resources */,
				6F25750748A39222BE984DDA /* [CP] Embed Pods Frameworks */,
			);
			buildRules = (
			);
			dependencies = (
			);
			name = ModifiedableTable;
			productName = ModifiedableTable;
			productReference = 497DF8652A1EA7030032321F /* ModifiedableTable.app */;
			productType = "com.apple.product-type.application";
		};
/* End PBXNativeTarget section */

/* Begin PBXProject section */
		497DF85D2A1EA7030032321F /* Project object */ = {
			isa = PBXProject;
			attributes = {
				BuildIndependentTargetsInParallel = 1;
				LastSwiftUpdateCheck = 1430;
				LastUpgradeCheck = 1430;
				TargetAttributes = {
					497DF8642A1EA7030032321F = {
						CreatedOnToolsVersion = 14.3;
					};
				};
			};
			buildConfigurationList = 497DF8602A1EA7030032321F /* Build configuration list for PBXProject "ModifiedableTable" */;
			compatibilityVersion = "Xcode 14.0";
			developmentRegion = en;
			hasScannedForEncodings = 0;
			knownRegions = (
				en,
				Base,
			);
			mainGroup = 497DF85C2A1EA7030032321F;
			productRefGroup = 497DF8662A1EA7030032321F /* Products */;
			projectDirPath = "";
			projectRoot = "";
			targets = (
				497DF8642A1EA7030032321F /* ModifiedableTable */,
			);
		};
/* End PBXProject section */

/* Begin PBXResourcesBuildPhase section */
		497DF8632A1EA7030032321F /* Resources */ = {
			isa = PBXResourcesBuildPhase;
			buildActionMask = 2147483647;
			files = (
				497DF8722A1EA7040032321F /* Assets.xcassets in Resources */,
			);
			runOnlyForDeploymentPostprocessing = 0;
		};
/* End PBXResourcesBuildPhase section */

/* Begin PBXShellScriptBuildPhase section */
		6F25750748A39222BE984DDA /* [CP] Embed Pods Frameworks */ = {
			isa = PBXShellScriptBuildPhase;
			buildActionMask = 2147483647;
			files = (
			);
			inputFileListPaths = (
				"${PODS_ROOT}/Target Support Files/Pods-ModifiedableTable/Pods-ModifiedableTable-frameworks-${CONFIGURATION}-input-files.xcfilelist",
			);
			name = "[CP] Embed Pods Frameworks";
			outputFileListPaths = (
				"${PODS_ROOT}/Target Support Files/Pods-ModifiedableTable/Pods-ModifiedableTable-frameworks-${CONFIGURATION}-output-files.xcfilelist",
			);
			runOnlyForDeploymentPostprocessing = 0;
			shellPath = /bin/sh;
			shellScript = "\"${PODS_ROOT}/Target Support Files/Pods-ModifiedableTable/Pods-ModifiedableTable-frameworks.sh\"\n";
			showEnvVarsInLog = 0;
		};
		C6F3ABB4C9348915DCB1E23C /* [CP] Check Pods Manifest.lock */ = {
			isa = PBXShellScriptBuildPhase;
			buildActionMask = 2147483647;
			files = (
			);
			inputFileListPaths = (
			);
			inputPaths = (
				"${PODS_PODFILE_DIR_PATH}/Podfile.lock",
				"${PODS_ROOT}/Manifest.lock",
			);
			name = "[CP] Check Pods Manifest.lock";
			outputFileListPaths = (
			);
			outputPaths = (
				"$(DERIVED_FILE_DIR)/Pods-ModifiedableTable-checkManifestLockResult.txt",
			);
			runOnlyForDeploymentPostprocessing = 0;
			shellPath = /bin/sh;
			shellScript = "diff \"${PODS_PODFILE_DIR_PATH}/Podfile.lock\" \"${PODS_ROOT}/Manifest.lock\" > /dev/null\nif [ $? != 0 ] ; then\n    # print error to STDERR\n    echo \"error: The sandbox is not in sync with the Podfile.lock. Run 'pod install' or update your CocoaPods installation.\" >&2\n    exit 1\nfi\n# This output is used by Xcode 'outputs' to avoid re-running this script phase.\necho \"SUCCESS\" > \"${SCRIPT_OUTPUT_FILE_0}\"\n";
			showEnvVarsInLog = 0;
		};
/* End PBXShellScriptBuildPhase section */

/* Begin PBXSourcesBuildPhase section */
		497DF8612A1EA7030032321F /* Sources */ = {
			isa = PBXSourcesBuildPhase;
			buildActionMask = 2147483647;
			files = (
				497DF86D2A1EA7030032321F /* TableListViewController.swift in Sources */,
				497DF8692A1EA7030032321F /* AppDelegate.swift in Sources */,
				4914C52A2A1FA32D0088D81A /* String+Ex.swift in Sources */,
				4914C5232A1F36020088D81A /* TableViewListLogos.swift in Sources */,
				4914C5272A1FA28E0088D81A /* DisplayDataCreator.swift in Sources */,
				497DF86B2A1EA7030032321F /* SceneDelegate.swift in Sources */,
				4914C5252A1F37F90088D81A /* TableViewListCell.swift in Sources */,
			);
			runOnlyForDeploymentPostprocessing = 0;
		};
/* End PBXSourcesBuildPhase section */

/* Begin XCBuildConfiguration section */
		497DF8772A1EA7040032321F /* Debug */ = {
			isa = XCBuildConfiguration;
			buildSettings = {
				ALWAYS_SEARCH_USER_PATHS = NO;
				CLANG_ANALYZER_NONNULL = YES;
				CLANG_ANALYZER_NUMBER_OBJECT_CONVERSION = YES_AGGRESSIVE;
				CLANG_CXX_LANGUAGE_STANDARD = "gnu++20";
				CLANG_ENABLE_MODULES = YES;
				CLANG_ENABLE_OBJC_ARC = YES;
				CLANG_ENABLE_OBJC_WEAK = YES;
				CLANG_WARN_BLOCK_CAPTURE_AUTORELEASING = YES;
				CLANG_WARN_BOOL_CONVERSION = YES;
				CLANG_WARN_COMMA = YES;
				CLANG_WARN_CONSTANT_CONVERSION = YES;
				CLANG_WARN_DEPRECATED_OBJC_IMPLEMENTATIONS = YES;
				CLANG_WARN_DIRECT_OBJC_ISA_USAGE = YES_ERROR;
				CLANG_WARN_DOCUMENTATION_COMMENTS = YES;
				CLANG_WARN_EMPTY_BODY = YES;
				CLANG_WARN_ENUM_CONVERSION = YES;
				CLANG_WARN_INFINITE_RECURSION = YES;
				CLANG_WARN_INT_CONVERSION = YES;
				CLANG_WARN_NON_LITERAL_NULL_CONVERSION = YES;
				CLANG_WARN_OBJC_IMPLICIT_RETAIN_SELF = YES;
				CLANG_WARN_OBJC_LITERAL_CONVERSION = YES;
				CLANG_WARN_OBJC_ROOT_CLASS = YES_ERROR;
				CLANG_WARN_QUOTED_INCLUDE_IN_FRAMEWORK_HEADER = YES;
				CLANG_WARN_RANGE_LOOP_ANALYSIS = YES;
				CLANG_WARN_STRICT_PROTOTYPES = YES;
				CLANG_WARN_SUSPICIOUS_MOVE = YES;
				CLANG_WARN_UNGUARDED_AVAILABILITY = YES_AGGRESSIVE;
				CLANG_WARN_UNREACHABLE_CODE = YES;
				CLANG_WARN__DUPLICATE_METHOD_MATCH = YES;
				COPY_PHASE_STRIP = NO;
				DEBUG_INFORMATION_FORMAT = dwarf;
				ENABLE_STRICT_OBJC_MSGSEND = YES;
				ENABLE_TESTABILITY = YES;
				GCC_C_LANGUAGE_STANDARD = gnu11;
				GCC_DYNAMIC_NO_PIC = NO;
				GCC_NO_COMMON_BLOCKS = YES;
				GCC_OPTIMIZATION_LEVEL = 0;
				GCC_PREPROCESSOR_DEFINITIONS = (
					"DEBUG=1",
					"$(inherited)",
				);
				GCC_WARN_64_TO_32_BIT_CONVERSION = YES;
				GCC_WARN_ABOUT_RETURN_TYPE = YES_ERROR;
				GCC_WARN_UNDECLARED_SELECTOR = YES;
				GCC_WARN_UNINITIALIZED_AUTOS = YES_AGGRESSIVE;
				GCC_WARN_UNUSED_FUNCTION = YES;
				GCC_WARN_UNUSED_VARIABLE = YES;
				IPHONEOS_DEPLOYMENT_TARGET = 16.4;
				MTL_ENABLE_DEBUG_INFO = INCLUDE_SOURCE;
				MTL_FAST_MATH = YES;
				ONLY_ACTIVE_ARCH = YES;
				SDKROOT = iphoneos;
				SWIFT_ACTIVE_COMPILATION_CONDITIONS = DEBUG;
				SWIFT_OPTIMIZATION_LEVEL = "-Onone";
			};
			name = Debug;
		};
		497DF8782A1EA7040032321F /* Release */ = {
			isa = XCBuildConfiguration;
			buildSettings = {
				ALWAYS_SEARCH_USER_PATHS = NO;
				CLANG_ANALYZER_NONNULL = YES;
				CLANG_ANALYZER_NUMBER_OBJECT_CONVERSION = YES_AGGRESSIVE;
				CLANG_CXX_LANGUAGE_STANDARD = "gnu++20";
				CLANG_ENABLE_MODULES = YES;
				CLANG_ENABLE_OBJC_ARC = YES;
				CLANG_ENABLE_OBJC_WEAK = YES;
				CLANG_WARN_BLOCK_CAPTURE_AUTORELEASING = YES;
				CLANG_WARN_BOOL_CONVERSION = YES;
				CLANG_WARN_COMMA = YES;
				CLANG_WARN_CONSTANT_CONVERSION = YES;
				CLANG_WARN_DEPRECATED_OBJC_IMPLEMENTATIONS = YES;
				CLANG_WARN_DIRECT_OBJC_ISA_USAGE = YES_ERROR;
				CLANG_WARN_DOCUMENTATION_COMMENTS = YES;
				CLANG_WARN_EMPTY_BODY = YES;
				CLANG_WARN_ENUM_CONVERSION = YES;
				CLANG_WARN_INFINITE_RECURSION = YES;
				CLANG_WARN_INT_CONVERSION = YES;
				CLANG_WARN_NON_LITERAL_NULL_CONVERSION = YES;
				CLANG_WARN_OBJC_IMPLICIT_RETAIN_SELF = YES;
				CLANG_WARN_OBJC_LITERAL_CONVERSION = YES;
				CLANG_WARN_OBJC_ROOT_CLASS = YES_ERROR;
				CLANG_WARN_QUOTED_INCLUDE_IN_FRAMEWORK_HEADER = YES;
				CLANG_WARN_RANGE_LOOP_ANALYSIS = YES;
				CLANG_WARN_STRICT_PROTOTYPES = YES;
				CLANG_WARN_SUSPICIOUS_MOVE = YES;
				CLANG_WARN_UNGUARDED_AVAILABILITY = YES_AGGRESSIVE;
				CLANG_WARN_UNREACHABLE_CODE = YES;
				CLANG_WARN__DUPLICATE_METHOD_MATCH = YES;
				COPY_PHASE_STRIP = NO;
				DEBUG_INFORMATION_FORMAT = "dwarf-with-dsym";
				ENABLE_NS_ASSERTIONS = NO;
				ENABLE_STRICT_OBJC_MSGSEND = YES;
				GCC_C_LANGUAGE_STANDARD = gnu11;
				GCC_NO_COMMON_BLOCKS = YES;
				GCC_WARN_64_TO_32_BIT_CONVERSION = YES;
				GCC_WARN_ABOUT_RETURN_TYPE = YES_ERROR;
				GCC_WARN_UNDECLARED_SELECTOR = YES;
				GCC_WARN_UNINITIALIZED_AUTOS = YES_AGGRESSIVE;
				GCC_WARN_UNUSED_FUNCTION = YES;
				GCC_WARN_UNUSED_VARIABLE = YES;
				IPHONEOS_DEPLOYMENT_TARGET = 16.4;
				MTL_ENABLE_DEBUG_INFO = NO;
				MTL_FAST_MATH = YES;
				SDKROOT = iphoneos;
				SWIFT_COMPILATION_MODE = wholemodule;
				SWIFT_OPTIMIZATION_LEVEL = "-O";
				VALIDATE_PRODUCT = YES;
			};
			name = Release;
		};
		497DF87A2A1EA7040032321F /* Debug */ = {
			isa = XCBuildConfiguration;
			baseConfigurationReference = 41E4B5002E36A5F2F1FCA5C0 /* Pods-ModifiedableTable.debug.xcconfig */;
			buildSettings = {
				ASSETCATALOG_COMPILER_APPICON_NAME = AppIcon;
				ASSETCATALOG_COMPILER_GLOBAL_ACCENT_COLOR_NAME = AccentColor;
				CODE_SIGN_STYLE = Automatic;
				CURRENT_PROJECT_VERSION = 1;
				DEVELOPMENT_TEAM = KWG6Z2ZCR9;
				GENERATE_INFOPLIST_FILE = YES;
				INFOPLIST_FILE = ModifiedableTable/Info.plist;
				INFOPLIST_KEY_UIApplicationSupportsIndirectInputEvents = YES;
				INFOPLIST_KEY_UILaunchStoryboardName = LaunchScreen;
				INFOPLIST_KEY_UISupportedInterfaceOrientations_iPad = "UIInterfaceOrientationPortrait UIInterfaceOrientationPortraitUpsideDown UIInterfaceOrientationLandscapeLeft UIInterfaceOrientationLandscapeRight";
				INFOPLIST_KEY_UISupportedInterfaceOrientations_iPhone = "UIInterfaceOrientationPortrait UIInterfaceOrientationLandscapeLeft UIInterfaceOrientationLandscapeRight";
				LD_RUNPATH_SEARCH_PATHS = (
					"$(inherited)",
					"@executable_path/Frameworks",
				);
				MARKETING_VERSION = 1.0;
				PRODUCT_BUNDLE_IDENTIFIER = SmartStart.ModifiedableTable;
				PRODUCT_NAME = "$(TARGET_NAME)";
				SWIFT_EMIT_LOC_STRINGS = YES;
				SWIFT_VERSION = 5.0;
				TARGETED_DEVICE_FAMILY = "1,2";
			};
			name = Debug;
		};
		497DF87B2A1EA7040032321F /* Release */ = {
			isa = XCBuildConfiguration;
			baseConfigurationReference = 9E2AD2DC8B412087F8136140 /* Pods-ModifiedableTable.release.xcconfig */;
			buildSettings = {
				ASSETCATALOG_COMPILER_APPICON_NAME = AppIcon;
				ASSETCATALOG_COMPILER_GLOBAL_ACCENT_COLOR_NAME = AccentColor;
				CODE_SIGN_STYLE = Automatic;
				CURRENT_PROJECT_VERSION = 1;
				DEVELOPMENT_TEAM = KWG6Z2ZCR9;
				GENERATE_INFOPLIST_FILE = YES;
				INFOPLIST_FILE = ModifiedableTable/Info.plist;
				INFOPLIST_KEY_UIApplicationSupportsIndirectInputEvents = YES;
				INFOPLIST_KEY_UILaunchStoryboardName = LaunchScreen;
				INFOPLIST_KEY_UISupportedInterfaceOrientations_iPad = "UIInterfaceOrientationPortrait UIInterfaceOrientationPortraitUpsideDown UIInterfaceOrientationLandscapeLeft UIInterfaceOrientationLandscapeRight";
				INFOPLIST_KEY_UISupportedInterfaceOrientations_iPhone = "UIInterfaceOrientationPortrait UIInterfaceOrientationLandscapeLeft UIInterfaceOrientationLandscapeRight";
				LD_RUNPATH_SEARCH_PATHS = (
					"$(inherited)",
					"@executable_path/Frameworks",
				);
				MARKETING_VERSION = 1.0;
				PRODUCT_BUNDLE_IDENTIFIER = SmartStart.ModifiedableTable;
				PRODUCT_NAME = "$(TARGET_NAME)";
				SWIFT_EMIT_LOC_STRINGS = YES;
				SWIFT_VERSION = 5.0;
				TARGETED_DEVICE_FAMILY = "1,2";
			};
			name = Release;
		};
/* End XCBuildConfiguration section */

/* Begin XCConfigurationList section */
		497DF8602A1EA7030032321F /* Build configuration list for PBXProject "ModifiedableTable" */ = {
			isa = XCConfigurationList;
			buildConfigurations = (
				497DF8772A1EA7040032321F /* Debug */,
				497DF8782A1EA7040032321F /* Release */,
			);
			defaultConfigurationIsVisible = 0;
			defaultConfigurationName = Release;
		};
		497DF8792A1EA7040032321F /* Build configuration list for PBXNativeTarget "ModifiedableTable" */ = {
			isa = XCConfigurationList;
			buildConfigurations = (
				497DF87A2A1EA7040032321F /* Debug */,
				497DF87B2A1EA7040032321F /* Release */,
			);
			defaultConfigurationIsVisible = 0;
			defaultConfigurationName = Release;
		};
/* End XCConfigurationList section */
	};
	rootObject = 497DF85D2A1EA7030032321F /* Project object */;
}
